
Microsoft Visual Studio Solution File, Format Version 12.00
# Visual Studio Version 16
VisualStudioVersion = 16.0.29519.87
MinimumVisualStudioVersion = 10.0.40219.1
Project("{FAE04EC0-301F-11D3-BF4B-00C04F79EFBC}") = "Practica_V_I", "Practica_V_I\Practica_V_I.csproj", "{CADB7BCB-2DD8-4324-8448-2309D0E1F634}"
EndProject
Project("{FAE04EC0-301F-11D3-BF4B-00C04F79EFBC}") = "Practica_V_I_Model", "Practica_V_I_Model\Practica_V_I_Model.csproj", "{9A90A5D4-3B92-44F9-BB9E-F1694155BD49}"
EndProject
Global
	GlobalSection(SolutionConfigurationPlatforms) = preSolution
		Debug|Any CPU = Debug|Any CPU
		Release|Any CPU = Release|Any CPU
	EndGlobalSection
	GlobalSection(ProjectConfigurationPlatforms) = postSolution
		{CADB7BCB-2DD8-4324-8448-2309D0E1F634}.Debug|Any CPU.ActiveCfg = Debug|Any CPU
		{CADB7BCB-2DD8-4324-8448-2309D0E1F634}.Debug|Any CPU.Build.0 = Debug|Any CPU
		{CADB7BCB-2DD8-4324-8448-2309D0E1F634}.Release|Any CPU.ActiveCfg = Release|Any CPU
		{CADB7BCB-2DD8-4324-8448-2309D0E1F634}.Release|Any CPU.Build.0 = Release|Any CPU
		{9A90A5D4-3B92-44F9-BB9E-F1694155BD49}.Debug|Any CPU.ActiveCfg = Debug|Any CPU
		{9A90A5D4-3B92-44F9-BB9E-F1694155BD49}.Debug|Any CPU.Build.0 = Debug|Any CPU
		{9A90A5D4-3B92-44F9-BB9E-F1694155BD49}.Release|Any CPU.ActiveCfg = Release|Any CPU
		{9A90A5D4-3B92-44F9-BB9E-F1694155BD49}.Release|Any CPU.Build.0 = Release|Any CPU
	EndGlobalSection
	GlobalSection(SolutionProperties) = preSolution
		HideSolutionNode = FALSE
	EndGlobalSection
	GlobalSection(ExtensibilityGlobals) = postSolution
		SolutionGuid = {BAADF601-34EF-42F7-A996-36EA5FCB71B9}
	EndGlobalSection
EndGlobal
